{
  "lockfile_version": "1",
  "packages": {
    "delve@1.23.0": {
      "last_modified": "2024-08-18T12:44:29Z",
      "resolved": "github:NixOS/nixpkgs/ff1c2669bbb4d0dd9e62cc94f0968cfa652ceec1#delve",
      "source": "devbox-search",
      "version": "1.23.0",
      "systems": {
        "aarch64-darwin": {
          "outputs": [
            {
              "name": "out",
              "path": "/nix/store/04ryad5770vf7r0wvkdm8syvmgmliyj5-delve-1.23.0",
              "default": true
            }
          ],
          "store_path": "/nix/store/04ryad5770vf7r0wvkdm8syvmgmliyj5-delve-1.23.0"
        },
        "aarch64-linux": {
          "outputs": [
            {
              "name": "out",
              "path": "/nix/store/1g6fq2n5npli5rd79rbiphgzrd8nwgf1-delve-1.23.0",
              "default": true
            }
          ],
          "store_path": "/nix/store/1g6fq2n5npli5rd79rbiphgzrd8nwgf1-delve-1.23.0"
        },
        "x86_64-darwin": {
          "outputs": [
            {
              "name": "out",
              "path": "/nix/store/8v5adpmvbrvwrwbz8ra59kbs0scz0sdy-delve-1.23.0",
              "default": true
            }
          ],
          "store_path": "/nix/store/8v5adpmvbrvwrwbz8ra59kbs0scz0sdy-delve-1.23.0"
        },
        "x86_64-linux": {
          "outputs": [
            {
              "name": "out",
              "path": "/nix/store/gk42c1nihlx0av6mw0g9vhvz4gfqka9y-delve-1.23.0",
              "default": true
            }
          ],
          "store_path": "/nix/store/gk42c1nihlx0av6mw0g9vhvz4gfqka9y-delve-1.23.0"
        }
      }
    },
    "go@1.23.0": {
      "last_modified": "2024-08-18T12:44:29Z",
      "resolved": "github:NixOS/nixpkgs/ff1c2669bbb4d0dd9e62cc94f0968cfa652ceec1#go_1_23",
      "source": "devbox-search",
      "version": "1.23.0",
      "systems": {
        "aarch64-darwin": {
          "outputs": [
            {
              "name": "out",
              "path": "/nix/store/x097y3rdlvw6ax1id52xx2didgzxjg34-go-1.23.0",
              "default": true
            }
          ],
          "store_path": "/nix/store/x097y3rdlvw6ax1id52xx2didgzxjg34-go-1.23.0"
        },
        "aarch64-linux": {
          "outputs": [
            {
              "name": "out",
              "path": "/nix/store/znns5qk7fbhjb89bqhabxjxpgiq2ag1a-go-1.23.0",
              "default": true
            }
          ],
          "store_path": "/nix/store/znns5qk7fbhjb89bqhabxjxpgiq2ag1a-go-1.23.0"
        },
        "x86_64-darwin": {
          "outputs": [
            {
              "name": "out",
              "path": "/nix/store/psym5ggdincwihwd81kssc4gbw1k3p3h-go-1.23.0",
              "default": true
            }
          ],
          "store_path": "/nix/store/psym5ggdincwihwd81kssc4gbw1k3p3h-go-1.23.0"
        },
        "x86_64-linux": {
          "outputs": [
            {
              "name": "out",
              "path": "/nix/store/0k144pnsvy0wa3dcl1y3df7d4zskylc4-go-1.23.0",
              "default": true
            }
          ],
          "store_path": "/nix/store/0k144pnsvy0wa3dcl1y3df7d4zskylc4-go-1.23.0"
        }
      }
    },
    "golangci-lint@1.60.1": {
      "last_modified": "2024-08-18T12:44:29Z",
      "resolved": "github:NixOS/nixpkgs/ff1c2669bbb4d0dd9e62cc94f0968cfa652ceec1#golangci-lint",
      "source": "devbox-search",
      "version": "1.60.1",
      "systems": {
        "aarch64-darwin": {
          "outputs": [
            {
              "name": "out",
              "path": "/nix/store/nb8a2y6dcsmhr32hlmpamw50dkdfn3wl-golangci-lint-1.60.1",
              "default": true
            }
          ],
          "store_path": "/nix/store/nb8a2y6dcsmhr32hlmpamw50dkdfn3wl-golangci-lint-1.60.1"
        },
        "aarch64-linux": {
          "outputs": [
            {
              "name": "out",
              "path": "/nix/store/8112xawpm1ypp6gsz9h09ri6zjjd3m7q-golangci-lint-1.60.1",
              "default": true
            }
          ],
          "store_path": "/nix/store/8112xawpm1ypp6gsz9h09ri6zjjd3m7q-golangci-lint-1.60.1"
        },
        "x86_64-darwin": {
          "outputs": [
            {
              "name": "out",
              "path": "/nix/store/zjh1bnambjwj13j9gxx0xg8hxblqacxs-golangci-lint-1.60.1",
              "default": true
            }
          ],
          "store_path": "/nix/store/zjh1bnambjwj13j9gxx0xg8hxblqacxs-golangci-lint-1.60.1"
        },
        "x86_64-linux": {
          "outputs": [
            {
              "name": "out",
              "path": "/nix/store/il2a9jd3kbh91yxbm90z0am3c34gfxgf-golangci-lint-1.60.1",
              "default": true
            }
          ],
          "store_path": "/nix/store/il2a9jd3kbh91yxbm90z0am3c34gfxgf-golangci-lint-1.60.1"
        }
      }
    },
    "libpng@1.6.43": {
      "last_modified": "2024-08-18T12:44:29Z",
      "resolved": "github:NixOS/nixpkgs/ff1c2669bbb4d0dd9e62cc94f0968cfa652ceec1#libpng",
      "source": "devbox-search",
      "version": "1.6.43",
      "systems": {
        "aarch64-darwin": {
          "outputs": [
            {
              "name": "out",
              "path": "/nix/store/0636yhvrn507sa2qsdjlb7d4zgqzcp95-libpng-apng-1.6.43",
              "default": true
            },
            {
              "name": "man",
              "path": "/nix/store/hszwzi3wcasw4q28vkx3r90jsncbml48-libpng-apng-1.6.43-man",
              "default": true
            },
            {
              "name": "dev",
              "path": "/nix/store/rsvf51r4cki2p6p61m9bi1rv7kyf0k99-libpng-apng-1.6.43-dev"
            }
          ],
          "store_path": "/nix/store/0636yhvrn507sa2qsdjlb7d4zgqzcp95-libpng-apng-1.6.43"
        },
        "aarch64-linux": {
          "outputs": [
            {
              "name": "out",
              "path": "/nix/store/zxd87gf3pkbfdggzvi9xfr4hxag0z061-libpng-apng-1.6.43",
              "default": true
            },
            {
              "name": "man",
              "path": "/nix/store/zrkfrjmvs4nddh0b33hk09g4q9lrdvvb-libpng-apng-1.6.43-man",
              "default": true
            },
            {
              "name": "dev",
              "path": "/nix/store/3zmbwraj3wzwyffpqz6r0as3pblllggx-libpng-apng-1.6.43-dev"
            }
          ],
          "store_path": "/nix/store/zxd87gf3pkbfdggzvi9xfr4hxag0z061-libpng-apng-1.6.43"
        },
        "x86_64-darwin": {
          "outputs": [
            {
              "name": "out",
              "path": "/nix/store/lvwzk8wjr0nyf0fxwdc7acv00p78yy55-libpng-apng-1.6.43",
              "default": true
            },
            {
              "name": "man",
              "path": "/nix/store/1rd52r4vz9lmgzi52bhbfx41k4nswskj-libpng-apng-1.6.43-man",
              "default": true
            },
            {
              "name": "dev",
              "path": "/nix/store/x8qmp1qq7fxjzqh3myakcsj1phiin8fn-libpng-apng-1.6.43-dev"
            }
          ],
          "store_path": "/nix/store/lvwzk8wjr0nyf0fxwdc7acv00p78yy55-libpng-apng-1.6.43"
        },
        "x86_64-linux": {
          "outputs": [
            {
              "name": "out",
              "path": "/nix/store/3rmghpv8fapbmng692rm66b2d46px4bk-libpng-apng-1.6.43",
              "default": true
            },
            {
              "name": "man",
              "path": "/nix/store/al6wl2r4fpbxgjsbl3wz1rx5zgngah3b-libpng-apng-1.6.43-man",
              "default": true
            },
            {
              "name": "dev",
              "path": "/nix/store/0n0vsm5syicn4lz4fn00aaa7kq960x02-libpng-apng-1.6.43-dev"
            }
          ],
          "store_path": "/nix/store/3rmghpv8fapbmng692rm66b2d46px4bk-libpng-apng-1.6.43"
        }
      }
    },
    "libwebp@1.4.0": {
      "last_modified": "2024-08-18T12:44:29Z",
      "resolved": "github:NixOS/nixpkgs/ff1c2669bbb4d0dd9e62cc94f0968cfa652ceec1#libwebp",
      "source": "devbox-search",
      "version": "1.4.0",
      "systems": {
        "aarch64-darwin": {
          "outputs": [
            {
              "name": "out",
              "path": "/nix/store/4ifpjl77qv6vd1is5jn8ywgfx3l2nxwa-libwebp-1.4.0",
              "default": true
            }
          ],
          "store_path": "/nix/store/4ifpjl77qv6vd1is5jn8ywgfx3l2nxwa-libwebp-1.4.0"
        },
        "aarch64-linux": {
          "outputs": [
            {
              "name": "out",
              "path": "/nix/store/0v8712dw98y2fq5hq77lpk2f0ir78nfa-libwebp-1.4.0",
              "default": true
            }
          ],
          "store_path": "/nix/store/0v8712dw98y2fq5hq77lpk2f0ir78nfa-libwebp-1.4.0"
        },
        "x86_64-darwin": {
          "outputs": [
            {
              "name": "out",
              "path": "/nix/store/ypv1bnair4hb4dk9qarpdmjvfdb8xnr6-libwebp-1.4.0",
              "default": true
            }
          ],
          "store_path": "/nix/store/ypv1bnair4hb4dk9qarpdmjvfdb8xnr6-libwebp-1.4.0"
        },
        "x86_64-linux": {
          "outputs": [
            {
              "name": "out",
              "path": "/nix/store/z9jdz5phgxhwb79vydssmsxdmrrapc01-libwebp-1.4.0",
              "default": true
            }
          ],
          "store_path": "/nix/store/z9jdz5phgxhwb79vydssmsxdmrrapc01-libwebp-1.4.0"
        }
      }
    },
    "minio-client@2024-07-31T15-58-33Z": {
      "last_modified": "2024-08-18T12:44:29Z",
      "resolved": "github:NixOS/nixpkgs/ff1c2669bbb4d0dd9e62cc94f0968cfa652ceec1#minio-client",
      "source": "devbox-search",
      "version": "2024-07-31T15-58-33Z",
      "systems": {
        "aarch64-darwin": {
          "outputs": [
            {
              "name": "out",
              "path": "/nix/store/3scfww51n1068qqllj4zrvwkldds7p4j-minio-client-2024-07-31T15-58-33Z",
              "default": true
            }
          ],
          "store_path": "/nix/store/3scfww51n1068qqllj4zrvwkldds7p4j-minio-client-2024-07-31T15-58-33Z"
        },
        "aarch64-linux": {
          "outputs": [
            {
              "name": "out",
              "path": "/nix/store/d4b1jly6riik318vrwbd675qhz5vylw7-minio-client-2024-07-31T15-58-33Z",
              "default": true
            }
          ],
          "store_path": "/nix/store/d4b1jly6riik318vrwbd675qhz5vylw7-minio-client-2024-07-31T15-58-33Z"
        },
        "x86_64-darwin": {
          "outputs": [
            {
              "name": "out",
              "path": "/nix/store/92lxs36i92v156z03crahzr85vb19p3l-minio-client-2024-07-31T15-58-33Z",
              "default": true
            }
          ],
          "store_path": "/nix/store/92lxs36i92v156z03crahzr85vb19p3l-minio-client-2024-07-31T15-58-33Z"
        },
        "x86_64-linux": {
          "outputs": [
            {
              "name": "out",
              "path": "/nix/store/ajcxp3jp5wcbm01awllgiax069f5bhh5-minio-client-2024-07-31T15-58-33Z",
              "default": true
            }
          ],
          "store_path": "/nix/store/ajcxp3jp5wcbm01awllgiax069f5bhh5-minio-client-2024-07-31T15-58-33Z"
        }
      }
    },
    "protobuf@25.4": {
      "last_modified": "2024-08-18T12:44:29Z",
      "resolved": "github:NixOS/nixpkgs/ff1c2669bbb4d0dd9e62cc94f0968cfa652ceec1#protobuf",
      "source": "devbox-search",
      "version": "25.4",
      "systems": {
        "aarch64-darwin": {
          "outputs": [
            {
              "name": "out",
              "path": "/nix/store/mic3mabpljjpj8bm36m4xqnkg07453fx-protobuf-25.4",
              "default": true
            }
          ],
          "store_path": "/nix/store/mic3mabpljjpj8bm36m4xqnkg07453fx-protobuf-25.4"
        },
        "aarch64-linux": {
          "outputs": [
            {
              "name": "out",
              "path": "/nix/store/aizldqh7n068zwq0i64ilwnl8wn8hsyg-protobuf-25.4",
              "default": true
            }
          ],
          "store_path": "/nix/store/aizldqh7n068zwq0i64ilwnl8wn8hsyg-protobuf-25.4"
        },
        "x86_64-darwin": {
          "outputs": [
            {
              "name": "out",
              "path": "/nix/store/avh3zvm3panwx0hkrxh7qn575vnk6w8h-protobuf-25.4",
              "default": true
            }
          ],
          "store_path": "/nix/store/avh3zvm3panwx0hkrxh7qn575vnk6w8h-protobuf-25.4"
        },
        "x86_64-linux": {
          "outputs": [
            {
              "name": "out",
              "path": "/nix/store/mx6a41pny5ir45z4mvj9ln2ma91kl65v-protobuf-25.4",
              "default": true
            }
          ],
          "store_path": "/nix/store/mx6a41pny5ir45z4mvj9ln2ma91kl65v-protobuf-25.4"
        }
      }
    },
    "protoc-gen-go-grpc@1.3.0": {
      "last_modified": "2024-06-12T20:55:33Z",
      "resolved": "github:NixOS/nixpkgs/a9858885e197f984d92d7fe64e9fff6b2e488d40#protoc-gen-go-grpc",
      "source": "devbox-search",
      "version": "1.3.0",
      "systems": {
        "aarch64-darwin": {
          "outputs": [
            {
              "name": "out",
              "path": "/nix/store/m7w3593j6jvhbszjkzs82qcclq72z9bz-protoc-gen-go-grpc-1.3.0",
              "default": true
            }
          ],
          "store_path": "/nix/store/m7w3593j6jvhbszjkzs82qcclq72z9bz-protoc-gen-go-grpc-1.3.0"
        },
        "aarch64-linux": {
          "outputs": [
            {
              "name": "out",
              "path": "/nix/store/b3knxf407k88fff1b16p74w5nplcmall-protoc-gen-go-grpc-1.3.0",
              "default": true
            }
          ],
          "store_path": "/nix/store/b3knxf407k88fff1b16p74w5nplcmall-protoc-gen-go-grpc-1.3.0"
        },
        "x86_64-darwin": {
          "outputs": [
            {
              "name": "out",
              "path": "/nix/store/75dk4dpf247w1icjmm36hp0gbg76vxfd-protoc-gen-go-grpc-1.3.0",
              "default": true
            }
          ],
          "store_path": "/nix/store/75dk4dpf247w1icjmm36hp0gbg76vxfd-protoc-gen-go-grpc-1.3.0"
        },
        "x86_64-linux": {
          "outputs": [
            {
              "name": "out",
              "path": "/nix/store/22h7kzhnxnnzfjn1rrw7b2wvbyyibwkm-protoc-gen-go-grpc-1.3.0",
              "default": true
            }
          ],
          "store_path": "/nix/store/22h7kzhnxnnzfjn1rrw7b2wvbyyibwkm-protoc-gen-go-grpc-1.3.0"
        }
      }
    },
    "protoc-gen-go@1.34.2": {
      "last_modified": "2024-08-18T12:44:29Z",
      "resolved": "github:NixOS/nixpkgs/ff1c2669bbb4d0dd9e62cc94f0968cfa652ceec1#protoc-gen-go",
      "source": "devbox-search",
      "version": "1.34.2",
      "systems": {
        "aarch64-darwin": {
          "outputs": [
            {
              "name": "out",
              "path": "/nix/store/ha16zdwpiw741fw85xp8ybw9w1vmxmyy-protoc-gen-go-1.34.2",
              "default": true
            }
          ],
          "store_path": "/nix/store/ha16zdwpiw741fw85xp8ybw9w1vmxmyy-protoc-gen-go-1.34.2"
        },
        "aarch64-linux": {
          "outputs": [
            {
              "name": "out",
              "path": "/nix/store/jbwah9pi62jybkcsfipffhzadsxdlaq1-protoc-gen-go-1.34.2",
              "default": true
            }
          ],
          "store_path": "/nix/store/jbwah9pi62jybkcsfipffhzadsxdlaq1-protoc-gen-go-1.34.2"
        },
        "x86_64-darwin": {
          "outputs": [
            {
              "name": "out",
              "path": "/nix/store/lhqfv2cgmam5aiq8cydyqp3yn7b8q6yh-protoc-gen-go-1.34.2",
              "default": true
            }
          ],
          "store_path": "/nix/store/lhqfv2cgmam5aiq8cydyqp3yn7b8q6yh-protoc-gen-go-1.34.2"
        },
        "x86_64-linux": {
          "outputs": [
            {
              "name": "out",
              "path": "/nix/store/x7mj12qzcm5xi03ncf25qswpk52iivzl-protoc-gen-go-1.34.2",
              "default": true
            }
          ],
          "store_path": "/nix/store/x7mj12qzcm5xi03ncf25qswpk52iivzl-protoc-gen-go-1.34.2"
        }
      }
    },
    "temporal-cli@1.18.1": {
      "last_modified": "2024-08-14T11:41:26Z",
      "resolved": "github:NixOS/nixpkgs/0cb2fd7c59fed0cd82ef858cbcbdb552b9a33465#temporal-cli",
      "source": "devbox-search",
      "version": "1.18.1",
      "systems": {
        "aarch64-darwin": {
          "outputs": [
            {
              "name": "out",
              "path": "/nix/store/0jvjqpblhh4jzav2mxafl2z2sspdn1ln-temporal-cli-1.18.1",
              "default": true
            }
          ],
          "store_path": "/nix/store/0jvjqpblhh4jzav2mxafl2z2sspdn1ln-temporal-cli-1.18.1"
        },
        "aarch64-linux": {
          "outputs": [
            {
              "name": "out",
              "path": "/nix/store/5fc7grp82v4s99bpaa6gmykq5pyzsv4x-temporal-cli-1.18.1",
              "default": true
            }
          ],
          "store_path": "/nix/store/5fc7grp82v4s99bpaa6gmykq5pyzsv4x-temporal-cli-1.18.1"
        },
        "x86_64-darwin": {
          "outputs": [
            {
              "name": "out",
              "path": "/nix/store/bc3jcwiplwrd24zq1ys5c95mx5wbmrlb-temporal-cli-1.18.1",
              "default": true
            }
          ],
          "store_path": "/nix/store/bc3jcwiplwrd24zq1ys5c95mx5wbmrlb-temporal-cli-1.18.1"
        },
        "x86_64-linux": {
          "outputs": [
            {
              "name": "out",
              "path": "/nix/store/4sy9nbpvckb7s8wl11zmlv7253aiz7x8-temporal-cli-1.18.1",
              "default": true
            }
          ],
          "store_path": "/nix/store/4sy9nbpvckb7s8wl11zmlv7253aiz7x8-temporal-cli-1.18.1"
        }
      }
    }
  }
}
